{
  "originHash" : "bd67b79cf9de90cfd99ae742c1b69577d1b0e34d7d45cf6edd9f4d856381f7e1",
  "pins" : [
    {
      "identity" : "espeak-ng-spm",
      "kind" : "remoteSourceControl",
      "location" : "https://github.com/espeak-ng/espeak-ng-spm.git",
      "state" : {
        "branch" : "master",
        "revision" : "dda87cd7efcc832db857c78c7ae68839ba9bb43e"
      }
    },
    {
      "identity" : "onnxruntime-swift-package-manager",
      "kind" : "remoteSourceControl",
      "location" : "https://github.com/microsoft/onnxruntime-swift-package-manager",
      "state" : {
        "revision" : "b7fb7f7dea8a2469e6335d95a61b8f36d0dc83b2",
        "version" : "1.24.2"
      }
    }
  ],
  "version" : 3
}
